// !$*UTF8*$!
{
	archiveVersion = 1;
	classes = {
	};
	objectVersion = 46;
	objects = {

/* Begin PBXBuildFile section */
		EAFAF5A91899C44200C1B240 /* Foundation.framework in Frameworks */ = {isa = PBXBuildFile; fileRef = EAFAF5A81899C44200C1B240 /* Foundation.framework */; };
		EAFAF5AB1899C44200C1B240 /* CoreGraphics.framework in Frameworks */ = {isa = PBXBuildFile; fileRef = EAFAF5AA1899C44200C1B240 /* CoreGraphics.framework */; };
		EAFAF5AD1899C44200C1B240 /* UIKit.framework in Frameworks */ = {isa = PBXBuildFile; fileRef = EAFAF5AC1899C44200C1B240 /* UIKit.framework */; };
		EAFAF5B31899C44200C1B240 /* InfoPlist.strings in Resources */ = {isa = PBXBuildFile; fileRef = EAFAF5B11899C44200C1B240 /* InfoPlist.strings */; };
		EAFAF5B51899C44200C1B240 /* main.m in Sources */ = {isa = PBXBuildFile; fileRef = EAFAF5B41899C44200C1B240 /* main.m */; };
		EAFAF5B91899C44200C1B240 /* AppDelegate.m in Sources */ = {isa = PBXBuildFile; fileRef = EAFAF5B81899C44200C1B240 /* AppDelegate.m */; };
		EAFAF5BB1899C44200C1B240 /* Images.xcassets in Resources */ = {isa = PBXBuildFile; fileRef = EAFAF5BA1899C44200C1B240 /* Images.xcassets */; };
		EAFAF5C21899C44200C1B240 /* XCTest.framework in Frameworks */ = {isa = PBXBuildFile; fileRef = EAFAF5C11899C44200C1B240 /* XCTest.framework */; };
		EAFAF5C31899C44300C1B240 /* Foundation.framework in Frameworks */ = {isa = PBXBuildFile; fileRef = EAFAF5A81899C44200C1B240 /* Foundation.framework */; };
		EAFAF5C41899C44300C1B240 /* UIKit.framework in Frameworks */ = {isa = PBXBuildFile; fileRef = EAFAF5AC1899C44200C1B240 /* UIKit.framework */; };
		EAFAF5CC1899C44300C1B240 /* InfoPlist.strings in Resources */ = {isa = PBXBuildFile; fileRef = EAFAF5CA1899C44300C1B240 /* InfoPlist.strings */; };
		EAFAF5CE1899C44300C1B240 /* ParseSpeedTestTests.m in Sources */ = {isa = PBXBuildFile; fileRef = EAFAF5CD1899C44300C1B240 /* ParseSpeedTestTests.m */; };
		EAFAF5D81899C47700C1B240 /* Parse.framework in Frameworks */ = {isa = PBXBuildFile; fileRef = EAFAF5D71899C47700C1B240 /* Parse.framework */; };
		EAFAF5DA1899C58900C1B240 /* 1mb.txt in Resources */ = {isa = PBXBuildFile; fileRef = EAFAF5D91899C58900C1B240 /* 1mb.txt */; };
		EAFAF5DC1899C76B00C1B240 /* SystemConfiguration.framework in Frameworks */ = {isa = PBXBuildFile; fileRef = EAFAF5DB1899C76B00C1B240 /* SystemConfiguration.framework */; };
		EAFAF5DE1899C78400C1B240 /* AudioToolbox.framework in Frameworks */ = {isa = PBXBuildFile; fileRef = EAFAF5DD1899C78400C1B240 /* AudioToolbox.framework */; };
		EAFAF5E01899C78900C1B240 /* CFNetwork.framework in Frameworks */ = {isa = PBXBuildFile; fileRef = EAFAF5DF1899C78900C1B240 /* CFNetwork.framework */; };
		EAFAF5E21899C79200C1B240 /* CoreLocation.framework in Frameworks */ = {isa = PBXBuildFile; fileRef = EAFAF5E11899C79200C1B240 /* CoreLocation.framework */; };
		EAFAF5E41899C79800C1B240 /* libz.1.1.3.dylib in Frameworks */ = {isa = PBXBuildFile; fileRef = EAFAF5E31899C79800C1B240 /* libz.1.1.3.dylib */; };
		EAFAF5E61899C79C00C1B240 /* MobileCoreServices.framework in Frameworks */ = {isa = PBXBuildFile; fileRef = EAFAF5E51899C79C00C1B240 /* MobileCoreServices.framework */; };
		EAFAF5E81899C7A000C1B240 /* QuartzCore.framework in Frameworks */ = {isa = PBXBuildFile; fileRef = EAFAF5E71899C7A000C1B240 /* QuartzCore.framework */; };
		EAFAF5EA1899C7A500C1B240 /* Security.framework in Frameworks */ = {isa = PBXBuildFile; fileRef = EAFAF5E91899C7A500C1B240 /* Security.framework */; };
		EAFAF5EC1899C7A900C1B240 /* StoreKit.framework in Frameworks */ = {isa = PBXBuildFile; fileRef = EAFAF5EB1899C7A900C1B240 /* StoreKit.framework */; };
		EAFAF5F01899C82B00C1B240 /* ViewController.m in Sources */ = {isa = PBXBuildFile; fileRef = EAFAF5EE1899C82B00C1B240 /* ViewController.m */; };
		EAFAF5F11899C82B00C1B240 /* ViewController.xib in Resources */ = {isa = PBXBuildFile; fileRef = EAFAF5EF1899C82B00C1B240 /* ViewController.xib */; };
		EAFAF5F41899CD7000C1B240 /* SpeedTestObject.m in Sources */ = {isa = PBXBuildFile; fileRef = EAFAF5F31899CD7000C1B240 /* SpeedTestObject.m */; };
/* End PBXBuildFile section */

/* Begin PBXContainerItemProxy section */
		EAFAF5C51899C44300C1B240 /* PBXContainerItemProxy */ = {
			isa = PBXContainerItemProxy;
			containerPortal = EAFAF59D1899C44200C1B240 /* Project object */;
			proxyType = 1;
			remoteGlobalIDString = EAFAF5A41899C44200C1B240;
			remoteInfo = ParseSpeedTest;
		};
/* End PBXContainerItemProxy section */

/* Begin PBXFileReference section */
		EAFAF5A51899C44200C1B240 /* ParseSpeedTest.app */ = {isa = PBXFileReference; explicitFileType = wrapper.application; includeInIndex = 0; path = ParseSpeedTest.app; sourceTree = BUILT_PRODUCTS_DIR; };
		EAFAF5A81899C44200C1B240 /* Foundation.framework */ = {isa = PBXFileReference; lastKnownFileType = wrapper.framework; name = Foundation.framework; path = System/Library/Frameworks/Foundation.framework; sourceTree = SDKROOT; };
		EAFAF5AA1899C44200C1B240 /* CoreGraphics.framework */ = {isa = PBXFileReference; lastKnownFileType = wrapper.framework; name = CoreGraphics.framework; path = System/Library/Frameworks/CoreGraphics.framework; sourceTree = SDKROOT; };
		EAFAF5AC1899C44200C1B240 /* UIKit.framework */ = {isa = PBXFileReference; lastKnownFileType = wrapper.framework; name = UIKit.framework; path = System/Library/Frameworks/UIKit.framework; sourceTree = SDKROOT; };
		EAFAF5B01899C44200C1B240 /* ParseSpeedTest-Info.plist */ = {isa = PBXFileReference; lastKnownFileType = text.plist.xml; path = "ParseSpeedTest-Info.plist"; sourceTree = "<group>"; };
		EAFAF5B21899C44200C1B240 /* en */ = {isa = PBXFileReference; lastKnownFileType = text.plist.strings; name = en; path = en.lproj/InfoPlist.strings; sourceTree = "<group>"; };
		EAFAF5B41899C44200C1B240 /* main.m */ = {isa = PBXFileReference; lastKnownFileType = sourcecode.c.objc; path = main.m; sourceTree = "<group>"; };
		EAFAF5B61899C44200C1B240 /* ParseSpeedTest-Prefix.pch */ = {isa = PBXFileReference; lastKnownFileType = sourcecode.c.h; path = "ParseSpeedTest-Prefix.pch"; sourceTree = "<group>"; };
		EAFAF5B71899C44200C1B240 /* AppDelegate.h */ = {isa = PBXFileReference; lastKnownFileType = sourcecode.c.h; path = AppDelegate.h; sourceTree = "<group>"; };
		EAFAF5B81899C44200C1B240 /* AppDelegate.m */ = {isa = PBXFileReference; lastKnownFileType = sourcecode.c.objc; path = AppDelegate.m; sourceTree = "<group>"; };
		EAFAF5BA1899C44200C1B240 /* Images.xcassets */ = {isa = PBXFileReference; lastKnownFileType = folder.assetcatalog; path = Images.xcassets; sourceTree = "<group>"; };
		EAFAF5C01899C44200C1B240 /* ParseSpeedTestTests.xctest */ = {isa = PBXFileReference; explicitFileType = wrapper.cfbundle; includeInIndex = 0; path = ParseSpeedTestTests.xctest; sourceTree = BUILT_PRODUCTS_DIR; };
		EAFAF5C11899C44200C1B240 /* XCTest.framework */ = {isa = PBXFileReference; lastKnownFileType = wrapper.framework; name = XCTest.framework; path = Library/Frameworks/XCTest.framework; sourceTree = DEVELOPER_DIR; };
		EAFAF5C91899C44300C1B240 /* ParseSpeedTestTests-Info.plist */ = {isa = PBXFileReference; lastKnownFileType = text.plist.xml; path = "ParseSpeedTestTests-Info.plist"; sourceTree = "<group>"; };
		EAFAF5CB1899C44300C1B240 /* en */ = {isa = PBXFileReference; lastKnownFileType = text.plist.strings; name = en; path = en.lproj/InfoPlist.strings; sourceTree = "<group>"; };
		EAFAF5CD1899C44300C1B240 /* ParseSpeedTestTests.m */ = {isa = PBXFileReference; lastKnownFileType = sourcecode.c.objc; path = ParseSpeedTestTests.m; sourceTree = "<group>"; };
		EAFAF5D71899C47700C1B240 /* Parse.framework */ = {isa = PBXFileReference; lastKnownFileType = wrapper.framework; path = Parse.framework; sourceTree = "<group>"; };
		EAFAF5D91899C58900C1B240 /* 1mb.txt */ = {isa = PBXFileReference; fileEncoding = 4; lastKnownFileType = text; path = 1mb.txt; sourceTree = "<group>"; };
		EAFAF5DB1899C76B00C1B240 /* SystemConfiguration.framework */ = {isa = PBXFileReference; lastKnownFileType = wrapper.framework; name = SystemConfiguration.framework; path = System/Library/Frameworks/SystemConfiguration.framework; sourceTree = SDKROOT; };
		EAFAF5DD1899C78400C1B240 /* AudioToolbox.framework */ = {isa = PBXFileReference; lastKnownFileType = wrapper.framework; name = AudioToolbox.framework; path = System/Library/Frameworks/AudioToolbox.framework; sourceTree = SDKROOT; };
		EAFAF5DF1899C78900C1B240 /* CFNetwork.framework */ = {isa = PBXFileReference; lastKnownFileType = wrapper.framework; name = CFNetwork.framework; path = System/Library/Frameworks/CFNetwork.framework; sourceTree = SDKROOT; };
		EAFAF5E11899C79200C1B240 /* CoreLocation.framework */ = {isa = PBXFileReference; lastKnownFileType = wrapper.framework; name = CoreLocation.framework; path = System/Library/Frameworks/CoreLocation.framework; sourceTree = SDKROOT; };
		EAFAF5E31899C79800C1B240 /* libz.1.1.3.dylib */ = {isa = PBXFileReference; lastKnownFileType = "compiled.mach-o.dylib"; name = libz.1.1.3.dylib; path = usr/lib/libz.1.1.3.dylib; sourceTree = SDKROOT; };
		EAFAF5E51899C79C00C1B240 /* MobileCoreServices.framework */ = {isa = PBXFileReference; lastKnownFileType = wrapper.framework; name = MobileCoreServices.framework; path = System/Library/Frameworks/MobileCoreServices.framework; sourceTree = SDKROOT; };
		EAFAF5E71899C7A000C1B240 /* QuartzCore.framework */ = {isa = PBXFileReference; lastKnownFileType = wrapper.framework; name = QuartzCore.framework; path = System/Library/Frameworks/QuartzCore.framework; sourceTree = SDKROOT; };
		EAFAF5E91899C7A500C1B240 /* Security.framework */ = {isa = PBXFileReference; lastKnownFileType = wrapper.framework; name = Security.framework; path = System/Library/Frameworks/Security.framework; sourceTree = SDKROOT; };
		EAFAF5EB1899C7A900C1B240 /* StoreKit.framework */ = {isa = PBXFileReference; lastKnownFileType = wrapper.framework; name = StoreKit.framework; path = System/Library/Frameworks/StoreKit.framework; sourceTree = SDKROOT; };
		EAFAF5ED1899C82B00C1B240 /* ViewController.h */ = {isa = PBXFileReference; fileEncoding = 4; lastKnownFileType = sourcecode.c.h; path = ViewController.h; sourceTree = "<group>"; };
		EAFAF5EE1899C82B00C1B240 /* ViewController.m */ = {isa = PBXFileReference; fileEncoding = 4; lastKnownFileType = sourcecode.c.objc; path = ViewController.m; sourceTree = "<group>"; };
		EAFAF5EF1899C82B00C1B240 /* ViewController.xib */ = {isa = PBXFileReference; fileEncoding = 4; lastKnownFileType = file.xib; path = ViewController.xib; sourceTree = "<group>"; };
		EAFAF5F21899CD7000C1B240 /* SpeedTestObject.h */ = {isa = PBXFileReference; fileEncoding = 4; lastKnownFileType = sourcecode.c.h; path = SpeedTestObject.h; sourceTree = "<group>"; };
		EAFAF5F31899CD7000C1B240 /* SpeedTestObject.m */ = {isa = PBXFileReference; fileEncoding = 4; lastKnownFileType = sourcecode.c.objc; path = SpeedTestObject.m; sourceTree = "<group>"; };
/* End PBXFileReference section */

/* Begin PBXFrameworksBuildPhase section */
		EAFAF5A21899C44200C1B240 /* Frameworks */ = {
			isa = PBXFrameworksBuildPhase;
			buildActionMask = 2147483647;
			files = (
				EAFAF5EC1899C7A900C1B240 /* StoreKit.framework in Frameworks */,
				EAFAF5EA1899C7A500C1B240 /* Security.framework in Frameworks */,
				EAFAF5E81899C7A000C1B240 /* QuartzCore.framework in Frameworks */,
				EAFAF5E61899C79C00C1B240 /* MobileCoreServices.framework in Frameworks */,
				EAFAF5E41899C79800C1B240 /* libz.1.1.3.dylib in Frameworks */,
				EAFAF5E21899C79200C1B240 /* CoreLocation.framework in Frameworks */,
				EAFAF5AB1899C44200C1B240 /* CoreGraphics.framework in Frameworks */,
				EAFAF5E01899C78900C1B240 /* CFNetwork.framework in Frameworks */,
				EAFAF5DE1899C78400C1B240 /* AudioToolbox.framework in Frameworks */,
				EAFAF5DC1899C76B00C1B240 /* SystemConfiguration.framework in Frameworks */,
				EAFAF5D81899C47700C1B240 /* Parse.framework in Frameworks */,
				EAFAF5AD1899C44200C1B240 /* UIKit.framework in Frameworks */,
				EAFAF5A91899C44200C1B240 /* Foundation.framework in Frameworks */,
			);
			runOnlyForDeploymentPostprocessing = 0;
		};
		EAFAF5BD1899C44200C1B240 /* Frameworks */ = {
			isa = PBXFrameworksBuildPhase;
			buildActionMask = 2147483647;
			files = (
				EAFAF5C21899C44200C1B240 /* XCTest.framework in Frameworks */,
				EAFAF5C41899C44300C1B240 /* UIKit.framework in Frameworks */,
				EAFAF5C31899C44300C1B240 /* Foundation.framework in Frameworks */,
			);
			runOnlyForDeploymentPostprocessing = 0;
		};
/* End PBXFrameworksBuildPhase section */

/* Begin PBXGroup section */
		EAFAF59C1899C44200C1B240 = {
			isa = PBXGroup;
			children = (
				EAFAF5AE1899C44200C1B240 /* ParseSpeedTest */,
				EAFAF5C71899C44300C1B240 /* ParseSpeedTestTests */,
				EAFAF5A71899C44200C1B240 /* Frameworks */,
				EAFAF5A61899C44200C1B240 /* Products */,
			);
			sourceTree = "<group>";
		};
		EAFAF5A61899C44200C1B240 /* Products */ = {
			isa = PBXGroup;
			children = (
				EAFAF5A51899C44200C1B240 /* ParseSpeedTest.app */,
				EAFAF5C01899C44200C1B240 /* ParseSpeedTestTests.xctest */,
			);
			name = Products;
			sourceTree = "<group>";
		};
		EAFAF5A71899C44200C1B240 /* Frameworks */ = {
			isa = PBXGroup;
			children = (
				EAFAF5EB1899C7A900C1B240 /* StoreKit.framework */,
				EAFAF5E91899C7A500C1B240 /* Security.framework */,
				EAFAF5E71899C7A000C1B240 /* QuartzCore.framework */,
				EAFAF5E51899C79C00C1B240 /* MobileCoreServices.framework */,
				EAFAF5E31899C79800C1B240 /* libz.1.1.3.dylib */,
				EAFAF5E11899C79200C1B240 /* CoreLocation.framework */,
				EAFAF5DF1899C78900C1B240 /* CFNetwork.framework */,
				EAFAF5DD1899C78400C1B240 /* AudioToolbox.framework */,
				EAFAF5DB1899C76B00C1B240 /* SystemConfiguration.framework */,
				EAFAF5D71899C47700C1B240 /* Parse.framework */,
				EAFAF5A81899C44200C1B240 /* Foundation.framework */,
				EAFAF5AA1899C44200C1B240 /* CoreGraphics.framework */,
				EAFAF5AC1899C44200C1B240 /* UIKit.framework */,
				EAFAF5C11899C44200C1B240 /* XCTest.framework */,
			);
			name = Frameworks;
			sourceTree = "<group>";
		};
		EAFAF5AE1899C44200C1B240 /* ParseSpeedTest */ = {
			isa = PBXGroup;
			children = (
				EAFAF5B71899C44200C1B240 /* AppDelegate.h */,
				EAFAF5B81899C44200C1B240 /* AppDelegate.m */,
				EAFAF5ED1899C82B00C1B240 /* ViewController.h */,
				EAFAF5EE1899C82B00C1B240 /* ViewController.m */,
				EAFAF5F21899CD7000C1B240 /* SpeedTestObject.h */,
				EAFAF5F31899CD7000C1B240 /* SpeedTestObject.m */,
				EAFAF5EF1899C82B00C1B240 /* ViewController.xib */,
				EAFAF5BA1899C44200C1B240 /* Images.xcassets */,
				EAFAF5AF1899C44200C1B240 /* Supporting Files */,
			);
			path = ParseSpeedTest;
			sourceTree = "<group>";
		};
		EAFAF5AF1899C44200C1B240 /* Supporting Files */ = {
			isa = PBXGroup;
			children = (
				EAFAF5D91899C58900C1B240 /* 1mb.txt */,
				EAFAF5B01899C44200C1B240 /* ParseSpeedTest-Info.plist */,
				EAFAF5B11899C44200C1B240 /* InfoPlist.strings */,
				EAFAF5B41899C44200C1B240 /* main.m */,
				EAFAF5B61899C44200C1B240 /* ParseSpeedTest-Prefix.pch */,
			);
			name = "Supporting Files";
			sourceTree = "<group>";
		};
		EAFAF5C71899C44300C1B240 /* ParseSpeedTestTests */ = {
			isa = PBXGroup;
			children = (
				EAFAF5CD1899C44300C1B240 /* ParseSpeedTestTests.m */,
				EAFAF5C81899C44300C1B240 /* Supporting Files */,
			);
			path = ParseSpeedTestTests;
			sourceTree = "<group>";
		};
		EAFAF5C81899C44300C1B240 /* Supporting Files */ = {
			isa = PBXGroup;
			children = (
				EAFAF5C91899C44300C1B240 /* ParseSpeedTestTests-Info.plist */,
				EAFAF5CA1899C44300C1B240 /* InfoPlist.strings */,
			);
			name = "Supporting Files";
			sourceTree = "<group>";
		};
/* End PBXGroup section */

/* Begin PBXNativeTarget section */
		EAFAF5A41899C44200C1B240 /* ParseSpeedTest */ = {
			isa = PBXNativeTarget;
			buildConfigurationList = EAFAF5D11899C44300C1B240 /* Build configuration list for PBXNativeTarget "ParseSpeedTest" */;
			buildPhases = (
				EAFAF5A11899C44200C1B240 /* Sources */,
				EAFAF5A21899C44200C1B240 /* Frameworks */,
				EAFAF5A31899C44200C1B240 /* Resources */,
			);
			buildRules = (
			);
			dependencies = (
			);
			name = ParseSpeedTest;
			productName = ParseSpeedTest;
			productReference = EAFAF5A51899C44200C1B240 /* ParseSpeedTest.app */;
			productType = "com.apple.product-type.application";
		};
		EAFAF5BF1899C44200C1B240 /* ParseSpeedTestTests */ = {
			isa = PBXNativeTarget;
			buildConfigurationList = EAFAF5D41899C44300C1B240 /* Build configuration list for PBXNativeTarget "ParseSpeedTestTests" */;
			buildPhases = (
				EAFAF5BC1899C44200C1B240 /* Sources */,
				EAFAF5BD1899C44200C1B240 /* Frameworks */,
				EAFAF5BE1899C44200C1B240 /* Resources */,
			);
			buildRules = (
			);
			dependencies = (
				EAFAF5C61899C44300C1B240 /* PBXTargetDependency */,
			);
			name = ParseSpeedTestTests;
			productName = ParseSpeedTestTests;
			productReference = EAFAF5C01899C44200C1B240 /* ParseSpeedTestTests.xctest */;
			productType = "com.apple.product-type.bundle.unit-test";
		};
/* End PBXNativeTarget section */

/* Begin PBXProject section */
		EAFAF59D1899C44200C1B240 /* Project object */ = {
			isa = PBXProject;
			attributes = {
				LastUpgradeCheck = 0500;
				ORGANIZATIONNAME = "Andrew Williamson";
				TargetAttributes = {
					EAFAF5BF1899C44200C1B240 = {
						TestTargetID = EAFAF5A41899C44200C1B240;
					};
				};
			};
			buildConfigurationList = EAFAF5A01899C44200C1B240 /* Build configuration list for PBXProject "ParseSpeedTest" */;
			compatibilityVersion = "Xcode 3.2";
			developmentRegion = English;
			hasScannedForEncodings = 0;
			knownRegions = (
				en,
			);
			mainGroup = EAFAF59C1899C44200C1B240;
			productRefGroup = EAFAF5A61899C44200C1B240 /* Products */;
			projectDirPath = "";
			projectRoot = "";
			targets = (
				EAFAF5A41899C44200C1B240 /* ParseSpeedTest */,
				EAFAF5BF1899C44200C1B240 /* ParseSpeedTestTests */,
			);
		};
/* End PBXProject section */

/* Begin PBXResourcesBuildPhase section */
		EAFAF5A31899C44200C1B240 /* Resources */ = {
			isa = PBXResourcesBuildPhase;
			buildActionMask = 2147483647;
			files = (
				EAFAF5DA1899C58900C1B240 /* 1mb.txt in Resources */,
				EAFAF5B31899C44200C1B240 /* InfoPlist.strings in Resources */,
				EAFAF5F11899C82B00C1B240 /* ViewController.xib in Resources */,
				EAFAF5BB1899C44200C1B240 /* Images.xcassets in Resources */,
			);
			runOnlyForDeploymentPostprocessing = 0;
		};
		EAFAF5BE1899C44200C1B240 /* Resources */ = {
			isa = PBXResourcesBuildPhase;
			buildActionMask = 2147483647;
			files = (
				EAFAF5CC1899C44300C1B240 /* InfoPlist.strings in Resources */,
			);
			runOnlyForDeploymentPostprocessing = 0;
		};
/* End PBXResourcesBuildPhase section */

/* Begin PBXSourcesBuildPhase section */
		EAFAF5A11899C44200C1B240 /* Sources */ = {
			isa = PBXSourcesBuildPhase;
			buildActionMask = 2147483647;
			files = (
				EAFAF5F41899CD7000C1B240 /* SpeedTestObject.m in Sources */,
				EAFAF5F01899C82B00C1B240 /* ViewController.m in Sources */,
				EAFAF5B91899C44200C1B240 /* AppDelegate.m in Sources */,
				EAFAF5B51899C44200C1B240 /* main.m in Sources */,
			);
			runOnlyForDeploymentPostprocessing = 0;
		};
		EAFAF5BC1899C44200C1B240 /* Sources */ = {
			isa = PBXSourcesBuildPhase;
			buildActionMask = 2147483647;
			files = (
				EAFAF5CE1899C44300C1B240 /* ParseSpeedTestTests.m in Sources */,
			);
			runOnlyForDeploymentPostprocessing = 0;
		};
/* End PBXSourcesBuildPhase section */

/* Begin PBXTargetDependency section */
		EAFAF5C61899C44300C1B240 /* PBXTargetDependency */ = {
			isa = PBXTargetDependency;
			target = EAFAF5A41899C44200C1B240 /* ParseSpeedTest */;
			targetProxy = EAFAF5C51899C44300C1B240 /* PBXContainerItemProxy */;
		};
/* End PBXTargetDependency section */

/* Begin PBXVariantGroup section */
		EAFAF5B11899C44200C1B240 /* InfoPlist.strings */ = {
			isa = PBXVariantGroup;
			children = (
				EAFAF5B21899C44200C1B240 /* en */,
			);
			name = InfoPlist.strings;
			sourceTree = "<group>";
		};
		EAFAF5CA1899C44300C1B240 /* InfoPlist.strings */ = {
			isa = PBXVariantGroup;
			children = (
				EAFAF5CB1899C44300C1B240 /* en */,
			);
			name = InfoPlist.strings;
			sourceTree = "<group>";
		};
/* End PBXVariantGroup section */

/* Begin XCBuildConfiguration section */
		EAFAF5CF1899C44300C1B240 /* Debug */ = {
			isa = XCBuildConfiguration;
			buildSettings = {
				ALWAYS_SEARCH_USER_PATHS = NO;
				ARCHS = "$(ARCHS_STANDARD_INCLUDING_64_BIT)";
				CLANG_CXX_LANGUAGE_STANDARD = "gnu++0x";
				CLANG_CXX_LIBRARY = "libc++";
				CLANG_ENABLE_MODULES = YES;
				CLANG_ENABLE_OBJC_ARC = YES;
				CLANG_WARN_BOOL_CONVERSION = YES;
				CLANG_WARN_CONSTANT_CONVERSION = YES;
				CLANG_WARN_DIRECT_OBJC_ISA_USAGE = YES_ERROR;
				CLANG_WARN_EMPTY_BODY = YES;
				CLANG_WARN_ENUM_CONVERSION = YES;
				CLANG_WARN_INT_CONVERSION = YES;
				CLANG_WARN_OBJC_ROOT_CLASS = YES_ERROR;
				CLANG_WARN__DUPLICATE_METHOD_MATCH = YES;
				"CODE_SIGN_IDENTITY[sdk=iphoneos*]" = "iPhone Developer";
				COPY_PHASE_STRIP = NO;
				GCC_C_LANGUAGE_STANDARD = gnu99;
				GCC_DYNAMIC_NO_PIC = NO;
				GCC_OPTIMIZATION_LEVEL = 0;
				GCC_PREPROCESSOR_DEFINITIONS = (
					"DEBUG=1",
					"$(inherited)",
				);
				GCC_SYMBOLS_PRIVATE_EXTERN = NO;
				GCC_WARN_64_TO_32_BIT_CONVERSION = YES;
				GCC_WARN_ABOUT_RETURN_TYPE = YES_ERROR;
				GCC_WARN_UNDECLARED_SELECTOR = YES;
				GCC_WARN_UNINITIALIZED_AUTOS = YES;
				GCC_WARN_UNUSED_FUNCTION = YES;
				GCC_WARN_UNUSED_VARIABLE = YES;
				IPHONEOS_DEPLOYMENT_TARGET = 7.0;
				ONLY_ACTIVE_ARCH = YES;
				SDKROOT = iphoneos;
				TARGETED_DEVICE_FAMILY = "1,2";
			};
			name = Debug;
		};
		EAFAF5D01899C44300C1B240 /* Release */ = {
			isa = XCBuildConfiguration;
			buildSettings = {
				ALWAYS_SEARCH_USER_PATHS = NO;
				ARCHS = "$(ARCHS_STANDARD_INCLUDING_64_BIT)";
				CLANG_CXX_LANGUAGE_STANDARD = "gnu++0x";
				CLANG_CXX_LIBRARY = "libc++";
				CLANG_ENABLE_MODULES = YES;
				CLANG_ENABLE_OBJC_ARC = YES;
				CLANG_WARN_BOOL_CONVERSION = YES;
				CLANG_WARN_CONSTANT_CONVERSION = YES;
				CLANG_WARN_DIRECT_OBJC_ISA_USAGE = YES_ERROR;
				CLANG_WARN_EMPTY_BODY = YES;
				CLANG_WARN_ENUM_CONVERSION = YES;
				CLANG_WARN_INT_CONVERSION = YES;
				CLANG_WARN_OBJC_ROOT_CLASS = YES_ERROR;
				CLANG_WARN__DUPLICATE_METHOD_MATCH = YES;
				"CODE_SIGN_IDENTITY[sdk=iphoneos*]" = "iPhone Developer";
				COPY_PHASE_STRIP = YES;
				ENABLE_NS_ASSERTIONS = NO;
				GCC_C_LANGUAGE_STANDARD = gnu99;
				GCC_WARN_64_TO_32_BIT_CONVERSION = YES;
				GCC_WARN_ABOUT_RETURN_TYPE = YES_ERROR;
				GCC_WARN_UNDECLARED_SELECTOR = YES;
				GCC_WARN_UNINITIALIZED_AUTOS = YES;
				GCC_WARN_UNUSED_FUNCTION = YES;
				GCC_WARN_UNUSED_VARIABLE = YES;
				IPHONEOS_DEPLOYMENT_TARGET = 7.0;
				SDKROOT = iphoneos;
				TARGETED_DEVICE_FAMILY = "1,2";
				VALIDATE_PRODUCT = YES;
			};
			name = Release;
		};
		EAFAF5D21899C44300C1B240 /* Debug */ = {
			isa = XCBuildConfiguration;
			buildSettings = {
				ASSETCATALOG_COMPILER_APPICON_NAME = AppIcon;
				ASSETCATALOG_COMPILER_LAUNCHIMAGE_NAME = LaunchImage;
				FRAMEWORK_SEARCH_PATHS = (
					"$(inherited)",
					"/Users/axwilliamson/Dropbox/Programming/Objective-C/ParseSpeedTest",
				);
				GCC_PRECOMPILE_PREFIX_HEADER = YES;
				GCC_PREFIX_HEADER = "ParseSpeedTest/ParseSpeedTest-Prefix.pch";
				INFOPLIST_FILE = "ParseSpeedTest/ParseSpeedTest-Info.plist";
				PRODUCT_NAME = "$(TARGET_NAME)";
				WRAPPER_EXTENSION = app;
			};
			name = Debug;
		};
		EAFAF5D31899C44300C1B240 /* Release */ = {
			isa = XCBuildConfiguration;
			buildSettings = {
				ASSETCATALOG_COMPILER_APPICON_NAME = AppIcon;
				ASSETCATALOG_COMPILER_LAUNCHIMAGE_NAME = LaunchImage;
				FRAMEWORK_SEARCH_PATHS = (
					"$(inherited)",
					"/Users/axwilliamson/Dropbox/Programming/Objective-C/ParseSpeedTest",
				);
				GCC_PRECOMPILE_PREFIX_HEADER = YES;
				GCC_PREFIX_HEADER = "ParseSpeedTest/ParseSpeedTest-Prefix.pch";
				INFOPLIST_FILE = "ParseSpeedTest/ParseSpeedTest-Info.plist";
				PRODUCT_NAME = "$(TARGET_NAME)";
				WRAPPER_EXTENSION = app;
			};
			name = Release;
		};
		EAFAF5D51899C44300C1B240 /* Debug */ = {
			isa = XCBuildConfiguration;
			buildSettings = {
				ARCHS = "$(ARCHS_STANDARD_INCLUDING_64_BIT)";
				BUNDLE_LOADER = "$(BUILT_PRODUCTS_DIR)/ParseSpeedTest.app/ParseSpeedTest";
				FRAMEWORK_SEARCH_PATHS = (
					"$(SDKROOT)/Developer/Library/Frameworks",
					"$(inherited)",
					"$(DEVELOPER_FRAMEWORKS_DIR)",
				);
				GCC_PRECOMPILE_PREFIX_HEADER = YES;
				GCC_PREFIX_HEADER = "ParseSpeedTest/ParseSpeedTest-Prefix.pch";
				GCC_PREPROCESSOR_DEFINITIONS = (
					"DEBUG=1",
					"$(inherited)",
				);
				INFOPLIST_FILE = "ParseSpeedTestTests/ParseSpeedTestTests-Info.plist";
				PRODUCT_NAME = "$(TARGET_NAME)";
				TEST_HOST = "$(BUNDLE_LOADER)";
				WRAPPER_EXTENSION = xctest;
			};
			name = Debug;
		};
		EAFAF5D61899C44300C1B240 /* Release */ = {
			isa = XCBuildConfiguration;
			buildSettings = {
				ARCHS = "$(ARCHS_STANDARD_INCLUDING_64_BIT)";
				BUNDLE_LOADER = "$(BUILT_PRODUCTS_DIR)/ParseSpeedTest.app/ParseSpeedTest";
				FRAMEWORK_SEARCH_PATHS = (
					"$(SDKROOT)/Developer/Library/Frameworks",
					"$(inherited)",
					"$(DEVELOPER_FRAMEWORKS_DIR)",
				);
				GCC_PRECOMPILE_PREFIX_HEADER = YES;
				GCC_PREFIX_HEADER = "ParseSpeedTest/ParseSpeedTest-Prefix.pch";
				INFOPLIST_FILE = "ParseSpeedTestTests/ParseSpeedTestTests-Info.plist";
				PRODUCT_NAME = "$(TARGET_NAME)";
				TEST_HOST = "$(BUNDLE_LOADER)";
				WRAPPER_EXTENSION = xctest;
			};
			name = Release;
		};
/* End XCBuildConfiguration section */

/* Begin XCConfigurationList section */
		EAFAF5A01899C44200C1B240 /* Build configuration list for PBXProject "ParseSpeedTest" */ = {
			isa = XCConfigurationList;
			buildConfigurations = (
				EAFAF5CF1899C44300C1B240 /* Debug */,
				EAFAF5D01899C44300C1B240 /* Release */,
			);
			defaultConfigurationIsVisible = 0;
			defaultConfigurationName = Release;
		};
		EAFAF5D11899C44300C1B240 /* Build configuration list for PBXNativeTarget "ParseSpeedTest" */ = {
			isa = XCConfigurationList;
			buildConfigurations = (
				EAFAF5D21899C44300C1B240 /* Debug */,
				EAFAF5D31899C44300C1B240 /* Release */,
			);
			defaultConfigurationIsVisible = 0;
		};
		EAFAF5D41899C44300C1B240 /* Build configuration list for PBXNativeTarget "ParseSpeedTestTests" */ = {
			isa = XCConfigurationList;
			buildConfigurations = (
				EAFAF5D51899C44300C1B240 /* Debug */,
				EAFAF5D61899C44300C1B240 /* Release */,
			);
			defaultConfigurationIsVisible = 0;
		};
/* End XCConfigurationList section */
	};
	rootObject = EAFAF59D1899C44200C1B240 /* Project object */;
}
